// !$*UTF8*$!
{
	archiveVersion = 1;
	classes = {
	};
	objectVersion = 77;
	objects = {

/* Begin PBXContainerItemProxy section */
		AC6BD52B2E772B8A00134CCB /* PBXContainerItemProxy */ = {
			isa = PBXContainerItemProxy;
			containerPortal = AC6BD5102E772B8800134CCB /* Project object */;
			proxyType = 1;
			remoteGlobalIDString = AC6BD5172E772B8800134CCB;
			remoteInfo = HabitHive;
		};
		AC6BD5352E772B8A00134CCB /* PBXContainerItemProxy */ = {
			isa = PBXContainerItemProxy;
			containerPortal = AC6BD5102E772B8800134CCB /* Project object */;
			proxyType = 1;
			remoteGlobalIDString = AC6BD5172E772B8800134CCB;
			remoteInfo = HabitHive;
		};
/* End PBXContainerItemProxy section */

/* Begin PBXFileReference section */
		AC6BD5182E772B8800134CCB /* HabitHive.app */ = {isa = PBXFileReference; explicitFileType = wrapper.application; includeInIndex = 0; path = HabitHive.app; sourceTree = BUILT_PRODUCTS_DIR; };
		AC6BD52A2E772B8A00134CCB /* HabitHiveTests.xctest */ = {isa = PBXFileReference; explicitFileType = wrapper.cfbundle; includeInIndex = 0; path = HabitHiveTests.xctest; sourceTree = BUILT_PRODUCTS_DIR; };
		AC6BD5342E772B8A00134CCB /* HabitHiveUITests.xctest */ = {isa = PBXFileReference; explicitFileType = wrapper.cfbundle; includeInIndex = 0; path = HabitHiveUITests.xctest; sourceTree = BUILT_PRODUCTS_DIR; };
/* End PBXFileReference section */

/* Begin PBXFileSystemSynchronizedRootGroup section */
		AC6BD51A2E772B8800134CCB /* HabitHive */ = {
			isa = PBXFileSystemSynchronizedRootGroup;
			path = HabitHive;
			sourceTree = "<group>";
		};
		AC6BD52D2E772B8A00134CCB /* HabitHiveTests */ = {
			isa = PBXFileSystemSynchronizedRootGroup;
			path = HabitHiveTests;
			sourceTree = "<group>";
		};
		AC6BD5372E772B8A00134CCB /* HabitHiveUITests */ = {
			isa = PBXFileSystemSynchronizedRootGroup;
			path = HabitHiveUITests;
			sourceTree = "<group>";
		};
/* End PBXFileSystemSynchronizedRootGroup section */

/* Begin PBXFrameworksBuildPhase section */
		AC6BD5152E772B8800134CCB /* Frameworks */ = {
			isa = PBXFrameworksBuildPhase;
			buildActionMask = 2147483647;
			files = (
			);
			runOnlyForDeploymentPostprocessing = 0;
		};
		AC6BD5272E772B8A00134CCB /* Frameworks */ = {
			isa = PBXFrameworksBuildPhase;
			buildActionMask = 2147483647;
			files = (
			);
			runOnlyForDeploymentPostprocessing = 0;
		};
		AC6BD5312E772B8A00134CCB /* Frameworks */ = {
			isa = PBXFrameworksBuildPhase;
			buildActionMask = 2147483647;
			files = (
			);
			runOnlyForDeploymentPostprocessing = 0;
		};
/* End PBXFrameworksBuildPhase section */

/* Begin PBXGroup section */
		AC6BD50F2E772B8800134CCB = {
			isa = PBXGroup;
			children = (
				AC6BD51A2E772B8800134CCB /* HabitHive */,
				AC6BD52D2E772B8A00134CCB /* HabitHiveTests */,
				AC6BD5372E772B8A00134CCB /* HabitHiveUITests */,
				AC6BD5192E772B8800134CCB /* Products */,
			);
			sourceTree = "<group>";
		};
		AC6BD5192E772B8800134CCB /* Products */ = {
			isa = PBXGroup;
			children = (
				AC6BD5182E772B8800134CCB /* HabitHive.app */,
				AC6BD52A2E772B8A00134CCB /* HabitHiveTests.xctest */,
				AC6BD5342E772B8A00134CCB /* HabitHiveUITests.xctest */,
			);
			name = Products;
			sourceTree = "<group>";
		};
/* End PBXGroup section */

/* Begin PBXNativeTarget section */
		AC6BD5172E772B8800134CCB /* HabitHive */ = {
			isa = PBXNativeTarget;
			buildConfigurationList = AC6BD53E2E772B8A00134CCB /* Build configuration list for PBXNativeTarget "HabitHive" */;
			buildPhases = (
				AC6BD5142E772B8800134CCB /* Sources */,
				AC6BD5152E772B8800134CCB /* Frameworks */,
				AC6BD5162E772B8800134CCB /* Resources */,
			);
			buildRules = (
			);
			dependencies = (
			);
			fileSystemSynchronizedGroups = (
				AC6BD51A2E772B8800134CCB /* HabitHive */,
			);
			name = HabitHive;
			packageProductDependencies = (
			);
			productName = HabitHive;
			productReference = AC6BD5182E772B8800134CCB /* HabitHive.app */;
			productType = "com.apple.product-type.application";
		};
		AC6BD5292E772B8A00134CCB /* HabitHiveTests */ = {
			isa = PBXNativeTarget;
			buildConfigurationList = AC6BD5412E772B8A00134CCB /* Build configuration list for PBXNativeTarget "HabitHiveTests" */;
			buildPhases = (
				AC6BD5262E772B8A00134CCB /* Sources */,
				AC6BD5272E772B8A00134CCB /* Frameworks */,
				AC6BD5282E772B8A00134CCB /* Resources */,
			);
			buildRules = (
			);
			dependencies = (
				AC6BD52C2E772B8A00134CCB /* PBXTargetDependency */,
			);
			fileSystemSynchronizedGroups = (
				AC6BD52D2E772B8A00134CCB /* HabitHiveTests */,
			);
			name = HabitHiveTests;
			packageProductDependencies = (
			);
			productName = HabitHiveTests;
			productReference = AC6BD52A2E772B8A00134CCB /* HabitHiveTests.xctest */;
			productType = "com.apple.product-type.bundle.unit-test";
		};
		AC6BD5332E772B8A00134CCB /* HabitHiveUITests */ = {
			isa = PBXNativeTarget;
			buildConfigurationList = AC6BD5442E772B8A00134CCB /* Build configuration list for PBXNativeTarget "HabitHiveUITests" */;
			buildPhases = (
				AC6BD5302E772B8A00134CCB /* Sources */,
				AC6BD5312E772B8A00134CCB /* Frameworks */,
				AC6BD5322E772B8A00134CCB /* Resources */,
			);
			buildRules = (
			);
			dependencies = (
				AC6BD5362E772B8A00134CCB /* PBXTargetDependency */,
			);
			fileSystemSynchronizedGroups = (
				AC6BD5372E772B8A00134CCB /* HabitHiveUITests */,
			);
			name = HabitHiveUITests;
			packageProductDependencies = (
			);
			productName = HabitHiveUITests;
			productReference = AC6BD5342E772B8A00134CCB /* HabitHiveUITests.xctest */;
			productType = "com.apple.product-type.bundle.ui-testing";
		};
/* End PBXNativeTarget section */

/* Begin PBXProject section */
		AC6BD5102E772B8800134CCB /* Project object */ = {
			isa = PBXProject;
			attributes = {
				BuildIndependentTargetsInParallel = 1;
				LastSwiftUpdateCheck = 1600;
				LastUpgradeCheck = 1600;
				TargetAttributes = {
					AC6BD5172E772B8800134CCB = {
						CreatedOnToolsVersion = 16.0;
					};
					AC6BD5292E772B8A00134CCB = {
						CreatedOnToolsVersion = 16.0;
						TestTargetID = AC6BD5172E772B8800134CCB;
					};
					AC6BD5332E772B8A00134CCB = {
						CreatedOnToolsVersion = 16.0;
						TestTargetID = AC6BD5172E772B8800134CCB;
					};
				};
			};
			buildConfigurationList = AC6BD5132E772B8800134CCB /* Build configuration list for PBXProject "HabitHive" */;
			developmentRegion = en;
			hasScannedForEncodings = 0;
			knownRegions = (
				en,
				Base,
			);
			mainGroup = AC6BD50F2E772B8800134CCB;
			minimizedProjectReferenceProxies = 1;
			packageReferences = (
				ACBC72CB2E8E0CCB0053E9D7 /* XCRemoteSwiftPackageReference "OneSignal-iOS-SDK" */,
			);
			preferredProjectObjectVersion = 77;
			productRefGroup = AC6BD5192E772B8800134CCB /* Products */;
			projectDirPath = "";
			projectRoot = "";
			targets = (
				AC6BD5172E772B8800134CCB /* HabitHive */,
				AC6BD5292E772B8A00134CCB /* HabitHiveTests */,
				AC6BD5332E772B8A00134CCB /* HabitHiveUITests */,
			);
		};
/* End PBXProject section */

/* Begin PBXResourcesBuildPhase section */
		AC6BD5162E772B8800134CCB /* Resources */ = {
			isa = PBXResourcesBuildPhase;
			buildActionMask = 2147483647;
			files = (
			);
			runOnlyForDeploymentPostprocessing = 0;
		};
		AC6BD5282E772B8A00134CCB /* Resources */ = {
			isa = PBXResourcesBuildPhase;
			buildActionMask = 2147483647;
			files = (
			);
			runOnlyForDeploymentPostprocessing = 0;
		};
		AC6BD5322E772B8A00134CCB /* Resources */ = {
			isa = PBXResourcesBuildPhase;
			buildActionMask = 2147483647;
			files = (
			);
			runOnlyForDeploymentPostprocessing = 0;
		};
/* End PBXResourcesBuildPhase section */

/* Begin PBXSourcesBuildPhase section */
		AC6BD5142E772B8800134CCB /* Sources */ = {
			isa = PBXSourcesBuildPhase;
			buildActionMask = 2147483647;
			files = (
			);
			runOnlyForDeploymentPostprocessing = 0;
		};
		AC6BD5262E772B8A00134CCB /* Sources */ = {
			isa = PBXSourcesBuildPhase;
			buildActionMask = 2147483647;
			files = (
			);
			runOnlyForDeploymentPostprocessing = 0;
		};
		AC6BD5302E772B8A00134CCB /* Sources */ = {
			isa = PBXSourcesBuildPhase;
			buildActionMask = 2147483647;
			files = (
			);
			runOnlyForDeploymentPostprocessing = 0;
		};
/* End PBXSourcesBuildPhase section */

/* Begin PBXTargetDependency section */
		AC6BD52C2E772B8A00134CCB /* PBXTargetDependency */ = {
			isa = PBXTargetDependency;
			target = AC6BD5172E772B8800134CCB /* HabitHive */;
			targetProxy = AC6BD52B2E772B8A00134CCB /* PBXContainerItemProxy */;
		};
		AC6BD5362E772B8A00134CCB /* PBXTargetDependency */ = {
			isa = PBXTargetDependency;
			target = AC6BD5172E772B8800134CCB /* HabitHive */;
			targetProxy = AC6BD5352E772B8A00134CCB /* PBXContainerItemProxy */;
		};
/* End PBXTargetDependency section */

/* Begin XCBuildConfiguration section */
		AC6BD53C2E772B8A00134CCB /* Debug */ = {
			isa = XCBuildConfiguration;
			buildSettings = {
				ALWAYS_SEARCH_USER_PATHS = NO;
				ASSETCATALOG_COMPILER_GENERATE_SWIFT_ASSET_SYMBOL_EXTENSIONS = YES;
				CLANG_ANALYZER_NONNULL = YES;
				CLANG_ANALYZER_NUMBER_OBJECT_CONVERSION = YES_AGGRESSIVE;
				CLANG_CXX_LANGUAGE_STANDARD = "gnu++20";
				CLANG_ENABLE_MODULES = YES;
				CLANG_ENABLE_OBJC_ARC = YES;
				CLANG_ENABLE_OBJC_WEAK = YES;
				CLANG_WARN_BLOCK_CAPTURE_AUTORELEASING = YES;
				CLANG_WARN_BOOL_CONVERSION = YES;
				CLANG_WARN_COMMA = YES;
				CLANG_WARN_CONSTANT_CONVERSION = YES;
				CLANG_WARN_DEPRECATED_OBJC_IMPLEMENTATIONS = YES;
				CLANG_WARN_DIRECT_OBJC_ISA_USAGE = YES_ERROR;
				CLANG_WARN_DOCUMENTATION_COMMENTS = YES;
				CLANG_WARN_EMPTY_BODY = YES;
				CLANG_WARN_ENUM_CONVERSION = YES;
				CLANG_WARN_INFINITE_RECURSION = YES;
				CLANG_WARN_INT_CONVERSION = YES;
				CLANG_WARN_NON_LITERAL_NULL_CONVERSION = YES;
				CLANG_WARN_OBJC_IMPLICIT_RETAIN_SELF = YES;
				CLANG_WARN_OBJC_LITERAL_CONVERSION = YES;
				CLANG_WARN_OBJC_ROOT_CLASS = YES_ERROR;
				CLANG_WARN_QUOTED_INCLUDE_IN_FRAMEWORK_HEADER = YES;
				CLANG_WARN_RANGE_LOOP_ANALYSIS = YES;
				CLANG_WARN_STRICT_PROTOTYPES = YES;
				CLANG_WARN_SUSPICIOUS_MOVE = YES;
				CLANG_WARN_UNGUARDED_AVAILABILITY = YES_AGGRESSIVE;
				CLANG_WARN_UNREACHABLE_CODE = YES;
				CLANG_WARN__DUPLICATE_METHOD_MATCH = YES;
				COPY_PHASE_STRIP = NO;
				DEBUG_INFORMATION_FORMAT = dwarf;
				ENABLE_STRICT_OBJC_MSGSEND = YES;
				ENABLE_TESTABILITY = YES;
				ENABLE_USER_SCRIPT_SANDBOXING = YES;
				GCC_C_LANGUAGE_STANDARD = gnu17;
				GCC_DYNAMIC_NO_PIC = NO;
				GCC_NO_COMMON_BLOCKS = YES;
				GCC_OPTIMIZATION_LEVEL = 0;
				GCC_PREPROCESSOR_DEFINITIONS = (
					"DEBUG=1",
					"$(inherited)",
				);
				GCC_WARN_64_TO_32_BIT_CONVERSION = YES;
				GCC_WARN_ABOUT_RETURN_TYPE = YES_ERROR;
				GCC_WARN_UNDECLARED_SELECTOR = YES;
				GCC_WARN_UNINITIALIZED_AUTOS = YES_AGGRESSIVE;
				GCC_WARN_UNUSED_FUNCTION = YES;
				GCC_WARN_UNUSED_VARIABLE = YES;
				IPHONEOS_DEPLOYMENT_TARGET = 18.0;
				LOCALIZATION_PREFERS_STRING_CATALOGS = YES;
				MTL_ENABLE_DEBUG_INFO = INCLUDE_SOURCE;
				MTL_FAST_MATH = YES;
				ONLY_ACTIVE_ARCH = YES;
				SDKROOT = iphoneos;
				SWIFT_ACTIVE_COMPILATION_CONDITIONS = "DEBUG $(inherited)";
				SWIFT_OPTIMIZATION_LEVEL = "-Onone";
			};
			name = Debug;
		};
		AC6BD53D2E772B8A00134CCB /* Release */ = {
			isa = XCBuildConfiguration;
			buildSettings = {
				ALWAYS_SEARCH_USER_PATHS = NO;
				ASSETCATALOG_COMPILER_GENERATE_SWIFT_ASSET_SYMBOL_EXTENSIONS = YES;
				CLANG_ANALYZER_NONNULL = YES;
				CLANG_ANALYZER_NUMBER_OBJECT_CONVERSION = YES_AGGRESSIVE;
				CLANG_CXX_LANGUAGE_STANDARD = "gnu++20";
				CLANG_ENABLE_MODULES = YES;
				CLANG_ENABLE_OBJC_ARC = YES;
				CLANG_ENABLE_OBJC_WEAK = YES;
				CLANG_WARN_BLOCK_CAPTURE_AUTORELEASING = YES;
				CLANG_WARN_BOOL_CONVERSION = YES;
				CLANG_WARN_COMMA = YES;
				CLANG_WARN_CONSTANT_CONVERSION = YES;
				CLANG_WARN_DEPRECATED_OBJC_IMPLEMENTATIONS = YES;
				CLANG_WARN_DIRECT_OBJC_ISA_USAGE = YES_ERROR;
				CLANG_WARN_DOCUMENTATION_COMMENTS = YES;
				CLANG_WARN_EMPTY_BODY = YES;
				CLANG_WARN_ENUM_CONVERSION = YES;
				CLANG_WARN_INFINITE_RECURSION = YES;
				CLANG_WARN_INT_CONVERSION = YES;
				CLANG_WARN_NON_LITERAL_NULL_CONVERSION = YES;
				CLANG_WARN_OBJC_IMPLICIT_RETAIN_SELF = YES;
				CLANG_WARN_OBJC_LITERAL_CONVERSION = YES;
				CLANG_WARN_OBJC_ROOT_CLASS = YES_ERROR;
				CLANG_WARN_QUOTED_INCLUDE_IN_FRAMEWORK_HEADER = YES;
				CLANG_WARN_RANGE_LOOP_ANALYSIS = YES;
				CLANG_WARN_STRICT_PROTOTYPES = YES;
				CLANG_WARN_SUSPICIOUS_MOVE = YES;
				CLANG_WARN_UNGUARDED_AVAILABILITY = YES_AGGRESSIVE;
				CLANG_WARN_UNREACHABLE_CODE = YES;
				CLANG_WARN__DUPLICATE_METHOD_MATCH = YES;
				COPY_PHASE_STRIP = NO;
				DEBUG_INFORMATION_FORMAT = "dwarf-with-dsym";
				ENABLE_NS_ASSERTIONS = NO;
				ENABLE_STRICT_OBJC_MSGSEND = YES;
				ENABLE_USER_SCRIPT_SANDBOXING = YES;
				GCC_C_LANGUAGE_STANDARD = gnu17;
				GCC_NO_COMMON_BLOCKS = YES;
				GCC_WARN_64_TO_32_BIT_CONVERSION = YES;
				GCC_WARN_ABOUT_RETURN_TYPE = YES_ERROR;
				GCC_WARN_UNDECLARED_SELECTOR = YES;
				GCC_WARN_UNINITIALIZED_AUTOS = YES_AGGRESSIVE;
				GCC_WARN_UNUSED_FUNCTION = YES;
				GCC_WARN_UNUSED_VARIABLE = YES;
				IPHONEOS_DEPLOYMENT_TARGET = 18.0;
				LOCALIZATION_PREFERS_STRING_CATALOGS = YES;
				MTL_ENABLE_DEBUG_INFO = NO;
				MTL_FAST_MATH = YES;
				SDKROOT = iphoneos;
				SWIFT_COMPILATION_MODE = wholemodule;
				VALIDATE_PRODUCT = YES;
			};
			name = Release;
		};
		AC6BD53F2E772B8A00134CCB /* Debug */ = {
			isa = XCBuildConfiguration;
			buildSettings = {
				ASSETCATALOG_COMPILER_APPICON_NAME = AppIcon;
				ASSETCATALOG_COMPILER_GLOBAL_ACCENT_COLOR_NAME = AccentColor;
				CODE_SIGN_ENTITLEMENTS = HabitHive/HabitHive.entitlements;
				CODE_SIGN_STYLE = Automatic;
				CURRENT_PROJECT_VERSION = 2;
				DEVELOPMENT_ASSET_PATHS = "\"HabitHive/Preview Content\"";
				DEVELOPMENT_TEAM = KBN225PW23;
				ENABLE_PREVIEWS = YES;
				GENERATE_INFOPLIST_FILE = YES;
				INFOPLIST_KEY_NSAppTransportSecurity_NSAllowsArbitraryLoads = YES;
				INFOPLIST_KEY_NSAppTransportSecurity_NSAllowsLocalNetworking = YES;
				INFOPLIST_KEY_NSContactsUsageDescription = "HabitHive uses your contacts to help you find friends who also use the app, so you can support each other's habit goals. Your contact information is securely hashed and never stored in readable form.";
				INFOPLIST_KEY_NSLocalNetworkUsageDescription = "HabitHive connects to your local Supabase server on Wi-Fi to keep data in sync.";
				INFOPLIST_KEY_SUPABASE_ANON_KEY = "eyJhbGciOiJIUzI1NiIsInR5cCI6IkpXVCJ9.eyJpc3MiOiJzdXBhYmFzZSIsInJlZiI6ImV6bHJ1YWN3eGd0Y3Vub3h0dHRhIiwicm9sZSI6ImFub24iLCJpYXQiOjE3NTc4NjcwNjUsImV4cCI6MjA3MzQ0MzA2NX0.4jmP_rZGm0-3nxQNOXEmis2dFrOCJ9XpuCrM9mGrMvY";
				INFOPLIST_KEY_SUPABASE_CONTACT_PEPPER = dev_contact_pepper;
				INFOPLIST_KEY_SUPABASE_URL = "https://ezlruacwxgtcunoxttta.supabase.co";
				INFOPLIST_KEY_UIApplicationSceneManifest_Generation = YES;
				INFOPLIST_KEY_UIApplicationSupportsIndirectInputEvents = YES;
				INFOPLIST_KEY_UILaunchScreen_Generation = YES;
				INFOPLIST_KEY_UISupportedInterfaceOrientations_iPad = "UIInterfaceOrientationPortrait UIInterfaceOrientationPortraitUpsideDown UIInterfaceOrientationLandscapeLeft UIInterfaceOrientationLandscapeRight";
				INFOPLIST_KEY_UISupportedInterfaceOrientations_iPhone = "UIInterfaceOrientationPortrait UIInterfaceOrientationLandscapeLeft UIInterfaceOrientationLandscapeRight";
				LD_RUNPATH_SEARCH_PATHS = (
					"$(inherited)",
					"@executable_path/Frameworks",
				);
				MARKETING_VERSION = 1.0;
				PRODUCT_BUNDLE_IDENTIFIER = com.thallam.habithive;
				PRODUCT_NAME = "$(TARGET_NAME)";
				SWIFT_EMIT_LOC_STRINGS = YES;
				SWIFT_VERSION = 5.0;
				TARGETED_DEVICE_FAMILY = "1,2";
			};
			name = Debug;
		};
		AC6BD5402E772B8A00134CCB /* Release */ = {
			isa = XCBuildConfiguration;
			buildSettings = {
				ASSETCATALOG_COMPILER_APPICON_NAME = AppIcon;
				ASSETCATALOG_COMPILER_GLOBAL_ACCENT_COLOR_NAME = AccentColor;
				CODE_SIGN_ENTITLEMENTS = HabitHive/HabitHive.entitlements;
				CODE_SIGN_STYLE = Automatic;
				CURRENT_PROJECT_VERSION = 2;
				DEVELOPMENT_ASSET_PATHS = "\"HabitHive/Preview Content\"";
				DEVELOPMENT_TEAM = KBN225PW23;
				ENABLE_PREVIEWS = YES;
				GENERATE_INFOPLIST_FILE = YES;
				INFOPLIST_KEY_NSAppTransportSecurity_NSAllowsArbitraryLoads = YES;
				INFOPLIST_KEY_NSAppTransportSecurity_NSAllowsLocalNetworking = YES;
				INFOPLIST_KEY_NSContactsUsageDescription = "HabitHive uses your contacts to help you find friends who also use the app, so you can support each other's habit goals. Your contact information is securely hashed and never stored in readable form.";
				INFOPLIST_KEY_NSLocalNetworkUsageDescription = "HabitHive connects to your local Supabase server on Wi-Fi to keep data in sync.";
				INFOPLIST_KEY_SUPABASE_ANON_KEY = "eyJhbGciOiJIUzI1NiIsInR5cCI6IkpXVCJ9.eyJpc3MiOiJzdXBhYmFzZSIsInJlZiI6ImV6bHJ1YWN3eGd0Y3Vub3h0dHRhIiwicm9sZSI6ImFub24iLCJpYXQiOjE3NTc4NjcwNjUsImV4cCI6MjA3MzQ0MzA2NX0.4jmP_rZGm0-3nxQNOXEmis2dFrOCJ9XpuCrM9mGrMvY";
				INFOPLIST_KEY_SUPABASE_CONTACT_PEPPER = dev_contact_pepper;
				INFOPLIST_KEY_SUPABASE_URL = "https://ezlruacwxgtcunoxttta.supabase.co";
				INFOPLIST_KEY_UIApplicationSceneManifest_Generation = YES;
				INFOPLIST_KEY_UIApplicationSupportsIndirectInputEvents = YES;
				INFOPLIST_KEY_UILaunchScreen_Generation = YES;
				INFOPLIST_KEY_UISupportedInterfaceOrientations_iPad = "UIInterfaceOrientationPortrait UIInterfaceOrientationPortraitUpsideDown UIInterfaceOrientationLandscapeLeft UIInterfaceOrientationLandscapeRight";
				INFOPLIST_KEY_UISupportedInterfaceOrientations_iPhone = "UIInterfaceOrientationPortrait UIInterfaceOrientationLandscapeLeft UIInterfaceOrientationLandscapeRight";
				LD_RUNPATH_SEARCH_PATHS = (
					"$(inherited)",
					"@executable_path/Frameworks",
				);
				MARKETING_VERSION = 1.0;
				PRODUCT_BUNDLE_IDENTIFIER = com.thallam.habithive;
				PRODUCT_NAME = "$(TARGET_NAME)";
				SWIFT_EMIT_LOC_STRINGS = YES;
				SWIFT_VERSION = 5.0;
				TARGETED_DEVICE_FAMILY = "1,2";
			};
			name = Release;
		};
		AC6BD5422E772B8A00134CCB /* Debug */ = {
			isa = XCBuildConfiguration;
			buildSettings = {
				BUNDLE_LOADER = "$(TEST_HOST)";
				CODE_SIGN_STYLE = Automatic;
				CURRENT_PROJECT_VERSION = 1;
				DEVELOPMENT_TEAM = KBN225PW23;
				GENERATE_INFOPLIST_FILE = YES;
				IPHONEOS_DEPLOYMENT_TARGET = 18.0;
				MARKETING_VERSION = 1.0;
				PRODUCT_BUNDLE_IDENTIFIER = com.thallam.HabitHiveAppTests;
				PRODUCT_NAME = "$(TARGET_NAME)";
				SWIFT_EMIT_LOC_STRINGS = NO;
				SWIFT_VERSION = 5.0;
				TARGETED_DEVICE_FAMILY = "1,2";
				TEST_HOST = "$(BUILT_PRODUCTS_DIR)/HabitHive.app/$(BUNDLE_EXECUTABLE_FOLDER_PATH)/HabitHive";
			};
			name = Debug;
		};
		AC6BD5432E772B8A00134CCB /* Release */ = {
			isa = XCBuildConfiguration;
			buildSettings = {
				BUNDLE_LOADER = "$(TEST_HOST)";
				CODE_SIGN_STYLE = Automatic;
				CURRENT_PROJECT_VERSION = 1;
				DEVELOPMENT_TEAM = KBN225PW23;
				GENERATE_INFOPLIST_FILE = YES;
				IPHONEOS_DEPLOYMENT_TARGET = 18.0;
				MARKETING_VERSION = 1.0;
				PRODUCT_BUNDLE_IDENTIFIER = com.thallam.HabitHiveAppTests;
				PRODUCT_NAME = "$(TARGET_NAME)";
				SWIFT_EMIT_LOC_STRINGS = NO;
				SWIFT_VERSION = 5.0;
				TARGETED_DEVICE_FAMILY = "1,2";
				TEST_HOST = "$(BUILT_PRODUCTS_DIR)/HabitHive.app/$(BUNDLE_EXECUTABLE_FOLDER_PATH)/HabitHive";
			};
			name = Release;
		};
		AC6BD5452E772B8A00134CCB /* Debug */ = {
			isa = XCBuildConfiguration;
			buildSettings = {
				CODE_SIGN_STYLE = Automatic;
				CURRENT_PROJECT_VERSION = 1;
				DEVELOPMENT_TEAM = KBN225PW23;
				GENERATE_INFOPLIST_FILE = YES;
				MARKETING_VERSION = 1.0;
				PRODUCT_BUNDLE_IDENTIFIER = com.thallam.HabitHiveAppUITests;
				PRODUCT_NAME = "$(TARGET_NAME)";
				SWIFT_EMIT_LOC_STRINGS = NO;
				SWIFT_VERSION = 5.0;
				TARGETED_DEVICE_FAMILY = "1,2";
				TEST_TARGET_NAME = HabitHive;
			};
			name = Debug;
		};
		AC6BD5462E772B8A00134CCB /* Release */ = {
			isa = XCBuildConfiguration;
			buildSettings = {
				CODE_SIGN_STYLE = Automatic;
				CURRENT_PROJECT_VERSION = 1;
				DEVELOPMENT_TEAM = KBN225PW23;
				GENERATE_INFOPLIST_FILE = YES;
				MARKETING_VERSION = 1.0;
				PRODUCT_BUNDLE_IDENTIFIER = com.thallam.HabitHiveAppUITests;
				PRODUCT_NAME = "$(TARGET_NAME)";
				SWIFT_EMIT_LOC_STRINGS = NO;
				SWIFT_VERSION = 5.0;
				TARGETED_DEVICE_FAMILY = "1,2";
				TEST_TARGET_NAME = HabitHive;
			};
			name = Release;
		};
/* End XCBuildConfiguration section */

/* Begin XCConfigurationList section */
		AC6BD5132E772B8800134CCB /* Build configuration list for PBXProject "HabitHive" */ = {
			isa = XCConfigurationList;
			buildConfigurations = (
				AC6BD53C2E772B8A00134CCB /* Debug */,
				AC6BD53D2E772B8A00134CCB /* Release */,
			);
			defaultConfigurationIsVisible = 0;
			defaultConfigurationName = Release;
		};
		AC6BD53E2E772B8A00134CCB /* Build configuration list for PBXNativeTarget "HabitHive" */ = {
			isa = XCConfigurationList;
			buildConfigurations = (
				AC6BD53F2E772B8A00134CCB /* Debug */,
				AC6BD5402E772B8A00134CCB /* Release */,
			);
			defaultConfigurationIsVisible = 0;
			defaultConfigurationName = Release;
		};
		AC6BD5412E772B8A00134CCB /* Build configuration list for PBXNativeTarget "HabitHiveTests" */ = {
			isa = XCConfigurationList;
			buildConfigurations = (
				AC6BD5422E772B8A00134CCB /* Debug */,
				AC6BD5432E772B8A00134CCB /* Release */,
			);
			defaultConfigurationIsVisible = 0;
			defaultConfigurationName = Release;
		};
		AC6BD5442E772B8A00134CCB /* Build configuration list for PBXNativeTarget "HabitHiveUITests" */ = {
			isa = XCConfigurationList;
			buildConfigurations = (
				AC6BD5452E772B8A00134CCB /* Debug */,
				AC6BD5462E772B8A00134CCB /* Release */,
			);
			defaultConfigurationIsVisible = 0;
			defaultConfigurationName = Release;
		};
/* End XCConfigurationList section */

/* Begin XCRemoteSwiftPackageReference section */
		ACBC72CB2E8E0CCB0053E9D7 /* XCRemoteSwiftPackageReference "OneSignal-iOS-SDK" */ = {
			isa = XCRemoteSwiftPackageReference;
			repositoryURL = "https://github.com/OneSignal/OneSignal-iOS-SDK";
			requirement = {
				kind = upToNextMajorVersion;
				minimumVersion = 5.2.14;
			};
		};
/* End XCRemoteSwiftPackageReference section */
	};
	rootObject = AC6BD5102E772B8800134CCB /* Project object */;
}
